
Microsoft Visual Studio Solution File, Format Version 12.00
Project("{8BC9CEB8-8B4A-11D0-8D11-00A0C91BC942}") = "HelloWorld", "HelloWorld\HelloWorld.vcxproj", "{7934D96C-0F6A-4093-B91B-0937886FDF6E}"
EndProject
Project("{8BC9CEB8-8B4A-11D0-8D11-00A0C91BC942}") = "TurboCollections", "TurboCollections\TurboCollections.vcxproj", "{878CE6FA-1FEA-4C29-A712-40D585008588}"
EndProject
Project("{8BC9CEB8-8B4A-11D0-8D11-00A0C91BC942}") = "TurboCollections.Test", "TurboCollections.Test\TurboCollections.Test.vcxproj", "{0060DF33-BC29-4F59-B591-159268662112}"
EndProject
Project("{8BC9CEB8-8B4A-11D0-8D11-00A0C91BC942}") = "P1_2_Collections", "P1_2_Collections\P1_2_Collections.vcxproj", "{36935E16-D18E-471A-9447-A4714F7115A7}"
EndProject
Global
	GlobalSection(SolutionConfigurationPlatforms) = preSolution
		Debug|Any CPU = Debug|Any CPU
		Release|Any CPU = Release|Any CPU
	EndGlobalSection
	GlobalSection(ProjectConfigurationPlatforms) = postSolution
		{7934D96C-0F6A-4093-B91B-0937886FDF6E}.Debug|Any CPU.ActiveCfg = Debug|Win32
		{7934D96C-0F6A-4093-B91B-0937886FDF6E}.Debug|Any CPU.Build.0 = Debug|Win32
		{7934D96C-0F6A-4093-B91B-0937886FDF6E}.Release|Any CPU.ActiveCfg = Release|Win32
		{7934D96C-0F6A-4093-B91B-0937886FDF6E}.Release|Any CPU.Build.0 = Release|Win32
		{878CE6FA-1FEA-4C29-A712-40D585008588}.Debug|Any CPU.ActiveCfg = Debug|Win32
		{878CE6FA-1FEA-4C29-A712-40D585008588}.Debug|Any CPU.Build.0 = Debug|Win32
		{878CE6FA-1FEA-4C29-A712-40D585008588}.Release|Any CPU.ActiveCfg = Release|Win32
		{878CE6FA-1FEA-4C29-A712-40D585008588}.Release|Any CPU.Build.0 = Release|Win32
		{0060DF33-BC29-4F59-B591-159268662112}.Debug|Any CPU.ActiveCfg = Debug|Win32
		{0060DF33-BC29-4F59-B591-159268662112}.Debug|Any CPU.Build.0 = Debug|Win32
		{0060DF33-BC29-4F59-B591-159268662112}.Release|Any CPU.ActiveCfg = Release|Win32
		{0060DF33-BC29-4F59-B591-159268662112}.Release|Any CPU.Build.0 = Release|Win32
		{36935E16-D18E-471A-9447-A4714F7115A7}.Debug|Any CPU.ActiveCfg = Debug|Win32
		{36935E16-D18E-471A-9447-A4714F7115A7}.Debug|Any CPU.Build.0 = Debug|Win32
		{36935E16-D18E-471A-9447-A4714F7115A7}.Release|Any CPU.ActiveCfg = Release|Win32
		{36935E16-D18E-471A-9447-A4714F7115A7}.Release|Any CPU.Build.0 = Release|Win32
	EndGlobalSection
EndGlobal
